
Microsoft Visual Studio Solution File, Format Version 12.00
# Visual Studio 15
VisualStudioVersion = 15.0.27130.0
MinimumVisualStudioVersion = 10.0.40219.1
Project("{FAE04EC0-301F-11D3-BF4B-00C04F79EFBC}") = "HeloWord", "HeloWord\HeloWord.csproj", "{18DC450C-2340-4DA7-ADDA-E2812BB53F79}"
EndProject
Global
	GlobalSection(SolutionConfigurationPlatforms) = preSolution
		Debug|Any CPU = Debug|Any CPU
		Release|Any CPU = Release|Any CPU
	EndGlobalSection
	GlobalSection(ProjectConfigurationPlatforms) = postSolution
		{18DC450C-2340-4DA7-ADDA-E2812BB53F79}.Debug|Any CPU.ActiveCfg = Debug|Any CPU
		{18DC450C-2340-4DA7-ADDA-E2812BB53F79}.Debug|Any CPU.Build.0 = Debug|Any CPU
		{18DC450C-2340-4DA7-ADDA-E2812BB53F79}.Release|Any CPU.ActiveCfg = Release|Any CPU
		{18DC450C-2340-4DA7-ADDA-E2812BB53F79}.Release|Any CPU.Build.0 = Release|Any CPU
	EndGlobalSection
	GlobalSection(SolutionProperties) = preSolution
		HideSolutionNode = FALSE
	EndGlobalSection
	GlobalSection(ExtensibilityGlobals) = postSolution
		SolutionGuid = {AE852C7C-A0EE-4FA9-8368-8DA00B32FC91}
	EndGlobalSection
EndGlobal
